
Microsoft Visual Studio Solution File, Format Version 12.00
# Visual Studio Version 16
VisualStudioVersion = 16.0.28803.352
MinimumVisualStudioVersion = 10.0.40219.1
Project("{FAE04EC0-301F-11D3-BF4B-00C04F79EFBC}") = "BeachVolleyballAddin", "BeachVolleyballAddin\BeachVolleyballAddin.csproj", "{BFB9894A-9FB8-4415-9758-1CD99BE1CD3B}"
EndProject
Project("{FAE04EC0-301F-11D3-BF4B-00C04F79EFBC}") = "BeachVolleyball.Tests", "BeachVollezball.Tests\BeachVolleyball.Tests.csproj", "{363DAA9C-8017-42A9-8286-8643CABEF552}"
EndProject
Global
	GlobalSection(SolutionConfigurationPlatforms) = preSolution
		Debug|Any CPU = Debug|Any CPU
		Release|Any CPU = Release|Any CPU
	EndGlobalSection
	GlobalSection(ProjectConfigurationPlatforms) = postSolution
		{BFB9894A-9FB8-4415-9758-1CD99BE1CD3B}.Debug|Any CPU.ActiveCfg = Debug|Any CPU
		{BFB9894A-9FB8-4415-9758-1CD99BE1CD3B}.Debug|Any CPU.Build.0 = Debug|Any CPU
		{BFB9894A-9FB8-4415-9758-1CD99BE1CD3B}.Release|Any CPU.ActiveCfg = Release|Any CPU
		{BFB9894A-9FB8-4415-9758-1CD99BE1CD3B}.Release|Any CPU.Build.0 = Release|Any CPU
		{363DAA9C-8017-42A9-8286-8643CABEF552}.Debug|Any CPU.ActiveCfg = Debug|Any CPU
		{363DAA9C-8017-42A9-8286-8643CABEF552}.Debug|Any CPU.Build.0 = Debug|Any CPU
		{363DAA9C-8017-42A9-8286-8643CABEF552}.Release|Any CPU.ActiveCfg = Release|Any CPU
		{363DAA9C-8017-42A9-8286-8643CABEF552}.Release|Any CPU.Build.0 = Release|Any CPU
	EndGlobalSection
	GlobalSection(SolutionProperties) = preSolution
		HideSolutionNode = FALSE
	EndGlobalSection
	GlobalSection(ExtensibilityGlobals) = postSolution
		SolutionGuid = {80C60DD4-5863-420D-98DC-00333B779C76}
	EndGlobalSection
EndGlobal
